# THIS IS AN AUTOGENERATED FILE. DO NOT EDIT THIS FILE DIRECTLY.
# yarn lockfile v1
add-dom-event-listener@1.x:
  version "1.0.1"
  resolved "https://registry.yarnpkg.com/add-dom-event-listener/-/add-dom-event-listener-1.0.1.tgz#70e74d0692b27108f9740554e0fa80a4683c2eb2"
  dependencies:
    object-assign "4.x"

antd-mobile@^0.8.5:
  version "0.8.7"
  resolved "https://registry.yarnpkg.com/antd-mobile/-/antd-mobile-0.8.7.tgz#fd0f64326e739238283a13c5a5ceefa51bffcfa5"
  dependencies:
    array-tree-filter "~1.0.0"
    babel-runtime "6.x"
    classnames "~2.2.1"
    css-vendor "~0.3.4"
    moment "^2.14.1"
    normalize.css "~4.2.0"
    nuka-carousel "~2.0.3"
    object-assign "~4.1.0"
    object-omit "^1.0.0"
    rc-checkbox "~1.4.1"
    rc-collapse "~1.6.6"
    rc-dialog "~6.4.0"
    rc-drawer "~0.4.8"
    rc-input-number "~2.7.0"
    rc-notification "~1.3.5"
    rc-slider "~4.0.1"
    rc-steps "~2.1.5"
    rc-swipeout "~1.1.5"
    rc-table "~4.6.0"
    rc-tabs "7.0.x"
    rc-tooltip "~3.4.2"
    react-hammerjs "^0.5.0"
    react-native-camera-roll-picker "~1.1.6"
    react-native-drawer-layout "~1.0.0"
    react-native-menu "~0.20.1"
    react-native-scrollable-tab-view "^0.6.0"
    react-timer-mixin "~0.13.3"
    rmc-cascader "3.0.x"
    rmc-date-picker "5.0.x"
    rmc-list-view "~0.6.1"
    rmc-picker "3.4.x"
    rmc-pull-to-refresh "~0.5.0"
    rn-topview "^0.1.0"

array-tree-filter@~1.0.0, array-tree-filter@1.0.x:
  version "1.0.1"
  resolved "https://registry.yarnpkg.com/array-tree-filter/-/array-tree-filter-1.0.1.tgz#0a8ad1eefd38ce88858632f9cc0423d7634e4d5d"

asap@~2.0.3:
  version "2.0.5"
  resolved "https://registry.yarnpkg.com/asap/-/asap-2.0.5.tgz#522765b50c3510490e52d7dcfe085ef9ba96958f"

autobind-decorator@^1.3.2, autobind-decorator@^1.3.3:
  version "1.3.4"
  resolved "https://registry.yarnpkg.com/autobind-decorator/-/autobind-decorator-1.3.4.tgz#b67560e6bbbb68a35c049c82d6351ea0e82d820d"

babel-runtime@6.x:
  version "6.18.0"
  resolved "https://registry.yarnpkg.com/babel-runtime/-/babel-runtime-6.18.0.tgz#0f4177ffd98492ef13b9f823e9994a02584c9078"
  dependencies:
    core-js "^2.4.0"
    regenerator-runtime "^0.9.5"

classnames@^2.2.0, classnames@^2.2.3, classnames@^2.2.4, classnames@^2.2.5, classnames@~2.2.1, classnames@2.x:
  version "2.2.5"
  resolved "https://registry.yarnpkg.com/classnames/-/classnames-2.2.5.tgz#fb3801d453467649ef3603c7d61a02bd129bde6d"

component-classes@^1.2.5:
  version "1.2.6"
  resolved "https://registry.yarnpkg.com/component-classes/-/component-classes-1.2.6.tgz#c642394c3618a4d8b0b8919efccbbd930e5cd691"
  dependencies:
    component-indexof "0.0.3"

component-indexof@0.0.3:
  version "0.0.3"
  resolved "https://registry.yarnpkg.com/component-indexof/-/component-indexof-0.0.3.tgz#11d091312239eb8f32c8f25ae9cb002ffe8d3c24"

core-js@^1.0.0:
  version "1.2.7"
  resolved "https://registry.yarnpkg.com/core-js/-/core-js-1.2.7.tgz#652294c14651db28fa93bd2d5ff2983a4f08c636"

core-js@^2.4.0:
  version "2.4.1"
  resolved "https://registry.yarnpkg.com/core-js/-/core-js-2.4.1.tgz#4de911e667b0eae9124e34254b53aea6fc618d3e"

css-animation@^1.3.0, css-animation@1.x:
  version "1.3.0"
  resolved "https://registry.yarnpkg.com/css-animation/-/css-animation-1.3.0.tgz#315d9742bbe282c23b9951ceac2aa53cee05b708"
  dependencies:
    component-classes "^1.2.5"

css-vendor@~0.3.4:
  version "0.3.8"
  resolved "https://registry.yarnpkg.com/css-vendor/-/css-vendor-0.3.8.tgz#6421cfd3034ce664fe7673972fd0119fc28941fa"
  dependencies:
    is-in-browser "^1.0.2"

deep-equal@^1.0.0:
  version "1.0.1"
  resolved "https://registry.yarnpkg.com/deep-equal/-/deep-equal-1.0.1.tgz#f5d260292b660e084eff4cdbc9f08ad3247448b5"

dom-align@1.x:
  version "1.5.2"
  resolved "https://registry.yarnpkg.com/dom-align/-/dom-align-1.5.2.tgz#bceb6c109a3442ebc001c04c48cb37a9d5e96df2"

domkit@~0.0.1:
  version "0.0.1"
  resolved "https://registry.yarnpkg.com/domkit/-/domkit-0.0.1.tgz#88399d586794efc1154fec6c22cfe50f19bd4dbb"

encoding@^0.1.11:
  version "0.1.12"
  resolved "https://registry.yarnpkg.com/encoding/-/encoding-0.1.12.tgz#538b66f3ee62cd1ab51ec323829d1f9480c74beb"
  dependencies:
    iconv-lite "~0.4.13"

events@^1.1.0:
  version "1.1.1"
  resolved "https://registry.yarnpkg.com/events/-/events-1.1.1.tgz#9ebdb7635ad099c70dcc4c2a1f5004288e8bd924"

exenv@^1.2.0:
  version "1.2.1"
  resolved "https://registry.yarnpkg.com/exenv/-/exenv-1.2.1.tgz#75de1c8dee02e952b102aa17f8875973e0df14f9"

fbjs@^0.8.3, fbjs@^0.8.4:
  version "0.8.6"
  resolved "https://registry.yarnpkg.com/fbjs/-/fbjs-0.8.6.tgz#7eb67d6986b2d5007a9b6e92e0e7cb6f75cad290"
  dependencies:
    core-js "^1.0.0"
    isomorphic-fetch "^2.1.1"
    loose-envify "^1.0.0"
    object-assign "^4.1.0"
    promise "^7.1.1"
    ua-parser-js "^0.7.9"

for-in@^0.1.5:
  version "0.1.6"
  resolved "https://registry.yarnpkg.com/for-in/-/for-in-0.1.6.tgz#c9f96e89bfad18a545af5ec3ed352a1d9e5b4dc8"

for-own@^0.1.2, for-own@^0.1.4:
  version "0.1.4"
  resolved "https://registry.yarnpkg.com/for-own/-/for-own-0.1.4.tgz#0149b41a39088c7515f51ebe1c1386d45f935072"
  dependencies:
    for-in "^0.1.5"

hammerjs@^2.0.8:
  version "2.0.8"
  resolved "https://registry.yarnpkg.com/hammerjs/-/hammerjs-2.0.8.tgz#04ef77862cff2bb79d30f7692095930222bf60f1"

history@^2.0.1:
  version "2.1.2"
  resolved "https://registry.yarnpkg.com/history/-/history-2.1.2.tgz#4aa2de897a0e4867e4539843be6ecdb2986bfdec"
  dependencies:
    deep-equal "^1.0.0"
    invariant "^2.0.0"
    query-string "^3.0.0"
    warning "^2.0.0"

hoist-non-react-statics@^1.0.5:
  version "1.2.0"
  resolved "https://registry.yarnpkg.com/hoist-non-react-statics/-/hoist-non-react-statics-1.2.0.tgz#aa448cf0986d55cc40773b17174b7dd066cb7cfb"

iconv-lite@~0.4.13:
  version "0.4.15"
  resolved "https://registry.yarnpkg.com/iconv-lite/-/iconv-lite-0.4.15.tgz#fe265a218ac6a57cfe854927e9d04c19825eddeb"

iflux2@1.2.6:
  version "1.2.6"
  resolved "https://registry.yarnpkg.com/iflux2/-/iflux2-1.2.6.tgz#afdb4e95539f8ccb904df99e519fdc8d525e19f4"
  dependencies:
    events "^1.1.0"
    immutable "^3.8.1"
    object-assign "^4.1.0"

immutable@^3.8.1:
  version "3.8.1"
  resolved "https://registry.yarnpkg.com/immutable/-/immutable-3.8.1.tgz#200807f11ab0f72710ea485542de088075f68cd2"

invariant@^2.0.0, invariant@^2.2.1:
  version "2.2.2"
  resolved "https://registry.yarnpkg.com/invariant/-/invariant-2.2.2.tgz#9e1f56ac0acdb6bf303306f338be3b204ae60360"
  dependencies:
    loose-envify "^1.0.0"

is-extendable@^0.1.1:
  version "0.1.1"
  resolved "https://registry.yarnpkg.com/is-extendable/-/is-extendable-0.1.1.tgz#62b110e289a471418e3ec36a617d472e301dfc89"

is-in-browser@^1.0.2:
  version "1.0.2"
  resolved "https://registry.yarnpkg.com/is-in-browser/-/is-in-browser-1.0.2.tgz#f688bea8f1e5aadc3244ebc870d188cfb9b613cf"

is-stream@^1.0.1:
  version "1.1.0"
  resolved "https://registry.yarnpkg.com/is-stream/-/is-stream-1.1.0.tgz#12d4a3dd4e68e0b79ceb8dbc84173ae80d91ca44"

islider.js@^2.2.0:
  version "2.2.0"
  resolved "https://registry.yarnpkg.com/islider.js/-/islider.js-2.2.0.tgz#cdcd14a946552b260a18f746bda3e515493af6b4"

isobject@^0.2.0:
  version "0.2.0"
  resolved "https://registry.yarnpkg.com/isobject/-/isobject-0.2.0.tgz#a3432192f39b910b5f02cc989487836ec70aa85e"

isomorphic-fetch@^2.1.1:
  version "2.2.1"
  resolved "https://registry.yarnpkg.com/isomorphic-fetch/-/isomorphic-fetch-2.2.1.tgz#611ae1acf14f5e81f729507472819fe9733558a9"
  dependencies:
    node-fetch "^1.0.1"
    whatwg-fetch ">=0.10.0"

js-tokens@^2.0.0:
  version "2.0.0"
  resolved "https://registry.yarnpkg.com/js-tokens/-/js-tokens-2.0.0.tgz#79903f5563ee778cc1162e6dcf1a0027c97f9cb5"

kw-react-tween-state@^0.1.5:
  version "0.1.5"
  resolved "https://registry.yarnpkg.com/kw-react-tween-state/-/kw-react-tween-state-0.1.5.tgz#744088988d35f14ccc2ca36af96bc09ece7ab78b"
  dependencies:
    raf "^3.1.0"
    tween-functions "^1.0.1"

lodash._getnative@^3.0.0:
  version "3.9.1"
  resolved "https://registry.yarnpkg.com/lodash._getnative/-/lodash._getnative-3.9.1.tgz#570bc7dede46d61cdcde687d65d3eecbaa3aaff5"

lodash.isarguments@^3.0.0:
  version "3.1.0"
  resolved "https://registry.yarnpkg.com/lodash.isarguments/-/lodash.isarguments-3.1.0.tgz#2f573d85c6a24289ff00663b491c1d338ff3458a"

lodash.isarray@^3.0.0:
  version "3.0.4"
  resolved "https://registry.yarnpkg.com/lodash.isarray/-/lodash.isarray-3.0.4.tgz#79e4eb88c36a8122af86f844aa9bcd851b5fbb55"

lodash.keys@^3.1.2:
  version "3.1.2"
  resolved "https://registry.yarnpkg.com/lodash.keys/-/lodash.keys-3.1.2.tgz#4dbc0472b156be50a0b286855d1bd0b0c656098a"
  dependencies:
    lodash._getnative "^3.0.0"
    lodash.isarguments "^3.0.0"
    lodash.isarray "^3.0.0"

loose-envify@^1.0.0, loose-envify@^1.1.0, loose-envify@^1.2.0:
  version "1.3.0"
  resolved "https://registry.yarnpkg.com/loose-envify/-/loose-envify-1.3.0.tgz#6b26248c42f6d4fa4b0d8542f78edfcde35642a8"
  dependencies:
    js-tokens "^2.0.0"

moment@^2.14.1, moment@2.x:
  version "2.16.0"
  resolved "https://registry.yarnpkg.com/moment/-/moment-2.16.0.tgz#f38f2c97c9889b0ee18fc6cc392e1e443ad2da8e"

node-fetch@^1.0.1:
  version "1.6.3"
  resolved "https://registry.yarnpkg.com/node-fetch/-/node-fetch-1.6.3.tgz#dc234edd6489982d58e8f0db4f695029abcd8c04"
  dependencies:
    encoding "^0.1.11"
    is-stream "^1.0.1"

normalize.css@~4.2.0:
  version "4.2.0"
  resolved "https://registry.yarnpkg.com/normalize.css/-/normalize.css-4.2.0.tgz#21d66cc557154d4379fd1e079ec7de58a379b099"

nuka-carousel@~2.0.3:
  version "2.0.3"
  resolved "https://registry.yarnpkg.com/nuka-carousel/-/nuka-carousel-2.0.3.tgz#857d9350e24a62f123bdd200fe71944ebd7e7dc4"
  dependencies:
    exenv "^1.2.0"
    kw-react-tween-state "^0.1.5"
    object-assign "^4.1.0"

object-assign@^4.0.1, object-assign@^4.1.0, object-assign@~4.1.0, object-assign@4.x:
  version "4.1.0"
  resolved "https://registry.yarnpkg.com/object-assign/-/object-assign-4.1.0.tgz#7a3b3d0e98063d43f4c03f2e8ae6cd51a86883a0"

object-omit@^1.0.0:
  version "1.0.0"
  resolved "https://registry.yarnpkg.com/object-omit/-/object-omit-1.0.0.tgz#9d843e9e415ead750b9eabb022cc388d73934611"
  dependencies:
    for-own "^0.1.2"
    isobject "^0.2.0"

object-path@^0.11.1:
  version "0.11.3"
  resolved "https://registry.yarnpkg.com/object-path/-/object-path-0.11.3.tgz#3e21a42ad07234d815429ae9e15c1c5f38050554"

object.omit@~2.0.0:
  version "2.0.1"
  resolved "https://registry.yarnpkg.com/object.omit/-/object.omit-2.0.1.tgz#1a9c744829f39dbb858c76ca3579ae2a54ebd1fa"
  dependencies:
    for-own "^0.1.4"
    is-extendable "^0.1.1"

performance-now@~0.2.0:
  version "0.2.0"
  resolved "https://registry.yarnpkg.com/performance-now/-/performance-now-0.2.0.tgz#33ef30c5c77d4ea21c5a53869d91b56d8f2555e5"

promise@^7.1.1:
  version "7.1.1"
  resolved "https://registry.yarnpkg.com/promise/-/promise-7.1.1.tgz#489654c692616b8aa55b0724fa809bb7db49c5bf"
  dependencies:
    asap "~2.0.3"

qm-pure-render@^1.0.0:
  version "1.0.0"
  resolved "https://registry.yarnpkg.com/qm-pure-render/-/qm-pure-render-1.0.0.tgz#8fbe2cefe672a61b9638cdfad9292667ff992e20"
  dependencies:
    immutable "^3.8.1"

query-string@^3.0.0:
  version "3.0.3"
  resolved "https://registry.yarnpkg.com/query-string/-/query-string-3.0.3.tgz#ae2e14b4d05071d4e9b9eb4873c35b0dcd42e638"
  dependencies:
    strict-uri-encode "^1.0.0"

raf@^3.1.0:
  version "3.3.0"
  resolved "https://registry.yarnpkg.com/raf/-/raf-3.3.0.tgz#93845eeffc773f8129039f677f80a36044eee2c3"
  dependencies:
    performance-now "~0.2.0"

rc-align@2.x:
  version "2.3.2"
  resolved "https://registry.yarnpkg.com/rc-align/-/rc-align-2.3.2.tgz#23bfc2a403fd21c567ef4dae3410ad6502e3fba0"
  dependencies:
    dom-align "1.x"
    rc-util "3.x"

rc-animate@2.x:
  version "2.3.1"
  resolved "https://registry.yarnpkg.com/rc-animate/-/rc-animate-2.3.1.tgz#eacda46bf589d857f640c53953d92e07cb688636"
  dependencies:
    css-animation "^1.3.0"

rc-checkbox@~1.4.1:
  version "1.4.3"
  resolved "https://registry.yarnpkg.com/rc-checkbox/-/rc-checkbox-1.4.3.tgz#b951befecc5d2f892d7a2629f9e107badf1c75c6"
  dependencies:
    classnames "2.x"
    rc-util "^4.0.1"

rc-collapse@~1.6.6:
  version "1.6.10"
  resolved "https://registry.yarnpkg.com/rc-collapse/-/rc-collapse-1.6.10.tgz#2a3b572c2831e3e5134173b44acbad371c18c731"
  dependencies:
    classnames "2.x"
    css-animation "1.x"
    rc-animate "2.x"

rc-dialog@^6.4.0:
  version "6.5.1"
  resolved "https://registry.yarnpkg.com/rc-dialog/-/rc-dialog-6.5.1.tgz#d15945c5e0810d034257acaa9856732800a6a7c7"
  dependencies:
    babel-runtime "6.x"
    object-assign "~4.1.0"
    rc-animate "2.x"
    rc-util "^3.4.1"

rc-dialog@~6.4.0:
  version "6.4.5"
  resolved "https://registry.yarnpkg.com/rc-dialog/-/rc-dialog-6.4.5.tgz#82f00b0b21eaf082614c2bf9ba59eb4e4e687116"
  dependencies:
    babel-runtime "6.x"
    object-assign "~4.1.0"
    rc-animate "2.x"
    rc-util "^3.4.1"

rc-drawer@~0.4.8:
  version "0.4.8"
  resolved "https://registry.yarnpkg.com/rc-drawer/-/rc-drawer-0.4.8.tgz#1e8548a1cc20f4a452528d62bc0032ecf1c5940b"
  dependencies:
    babel-runtime "6.x"
    classnames "^2.2.4"

rc-input-number@~2.7.0:
  version "2.7.8"
  resolved "https://registry.yarnpkg.com/rc-input-number/-/rc-input-number-2.7.8.tgz#64b01756daa98fd3ec092d0a0a99ddc4a9f4514e"
  dependencies:
    babel-runtime "6.x"
    classnames "^2.2.0"

rc-notification@~1.3.5:
  version "1.3.5"
  resolved "https://registry.yarnpkg.com/rc-notification/-/rc-notification-1.3.5.tgz#2045a506f1f4004d353743d756fab04b93bf7936"
  dependencies:
    classnames "2.x"
    rc-animate "2.x"
    rc-util "3.x"

rc-slider@~4.0.1:
  version "4.0.1"
  resolved "https://registry.yarnpkg.com/rc-slider/-/rc-slider-4.0.1.tgz#0d92f9f9e2b1562ebf768de5e03dca746bc7b7b2"
  dependencies:
    babel-runtime "6.x"
    classnames "^2.2.5"
    rc-tooltip "^3.4.2"
    rc-util "^3.2.1"
    warning "^3.0.0"

rc-steps@~2.1.5:
  version "2.1.5"
  resolved "https://registry.yarnpkg.com/rc-steps/-/rc-steps-2.1.5.tgz#72d50c46c4e37a7beecba939fa6ce86ded9829fe"
  dependencies:
    classnames "^2.2.3"

rc-swipeout@~1.1.5:
  version "1.1.5"
  resolved "https://registry.yarnpkg.com/rc-swipeout/-/rc-swipeout-1.1.5.tgz#332268569d1b9f46fd16492d2f546c4e5f26e9d1"
  dependencies:
    babel-runtime "6.x"
    object.omit "~2.0.0"
    react-hammerjs "^0.5.0"
    react-native-swipe-out "~2.0.12"

rc-table@~4.6.0:
  version "4.6.0"
  resolved "https://registry.yarnpkg.com/rc-table/-/rc-table-4.6.0.tgz#e5683d98569d1cec7247f8ab96229e50b803165b"
  dependencies:
    object-path "^0.11.1"
    rc-util "3.x"
    shallowequal "^0.2.2"

rc-tabs@7.0.x:
  version "7.0.13"
  resolved "https://registry.yarnpkg.com/rc-tabs/-/rc-tabs-7.0.13.tgz#b656b5812c452029701a99f5a54de67dcbfc9588"
  dependencies:
    babel-runtime "6.x"
    classnames "2.x"
    react-hammerjs "~0.5.0"

rc-tooltip@^3.4.2, rc-tooltip@~3.4.2:
  version "3.4.2"
  resolved "https://registry.yarnpkg.com/rc-tooltip/-/rc-tooltip-3.4.2.tgz#c5c89c347ed790f7f290ef825d5e24e8fb599166"
  dependencies:
    rc-trigger "1.x"

rc-trigger@1.x:
  version "1.7.3"
  resolved "https://registry.yarnpkg.com/rc-trigger/-/rc-trigger-1.7.3.tgz#0f34afbc975b3ccd6c2bbb46a8b000749ed4cbf7"
  dependencies:
    babel-runtime "6.x"
    rc-align "2.x"
    rc-animate "2.x"
    rc-util "^3.3.x"

rc-util@^3.2.1, rc-util@^3.3.x, rc-util@^3.4.1, rc-util@3.x:
  version "3.4.1"
  resolved "https://registry.yarnpkg.com/rc-util/-/rc-util-3.4.1.tgz#4b7e0b0c7593bdbcff8ed045d88fbbc773a7b061"
  dependencies:
    add-dom-event-listener "1.x"
    classnames "2.x"
    shallowequal "0.2.x"

rc-util@^4.0.1:
  version "4.0.1"
  resolved "https://registry.yarnpkg.com/rc-util/-/rc-util-4.0.1.tgz#9605c86a9768a9640268d4094e32b5b4ceeee228"
  dependencies:
    add-dom-event-listener "1.x"
    shallowequal "^0.2.2"

react-dom@15.3.2:
  version "15.3.2"
  resolved "https://registry.yarnpkg.com/react-dom/-/react-dom-15.3.2.tgz#c46b0aa5380d7b838e7a59c4a7beff2ed315531f"

react-hammerjs@^0.5.0, react-hammerjs@~0.5.0:
  version "0.5.0"
  resolved "https://registry.yarnpkg.com/react-hammerjs/-/react-hammerjs-0.5.0.tgz#aa20e5c5f44d660f3e8e87ed11282f12173e77ae"
  dependencies:
    hammerjs "^2.0.8"

react-mixin@^3.0.5:
  version "3.0.5"
  resolved "https://registry.yarnpkg.com/react-mixin/-/react-mixin-3.0.5.tgz#e0b7b6713fdc9ddc429267df808b6ac5184c6706"
  dependencies:
    object-assign "^4.0.1"
    smart-mixin "^2.0.0"

react-native-camera-roll-picker@~1.1.6:
  version "1.1.9"
  resolved "https://registry.yarnpkg.com/react-native-camera-roll-picker/-/react-native-camera-roll-picker-1.1.9.tgz#99bad3a9c117ad79e67044c420ce463ee18f29d3"

react-native-dismiss-keyboard@1.0.0:
  version "1.0.0"
  resolved "https://registry.yarnpkg.com/react-native-dismiss-keyboard/-/react-native-dismiss-keyboard-1.0.0.tgz#32886242b3f2317e121f3aeb9b0a585e2b879b49"

react-native-drawer-layout@~1.0.0:
  version "1.0.0"
  resolved "https://registry.yarnpkg.com/react-native-drawer-layout/-/react-native-drawer-layout-1.0.0.tgz#445c894cfd77c2160387481cd7f4364654eef54f"
  dependencies:
    autobind-decorator "^1.3.2"
    react-native-dismiss-keyboard "1.0.0"

react-native-menu@~0.20.1:
  version "0.20.2"
  resolved "https://registry.yarnpkg.com/react-native-menu/-/react-native-menu-0.20.2.tgz#a1bec7a3d1660246561298c851f98728bc4a1305"
  dependencies:
    react-timer-mixin "^0.13.3"

react-native-picker-android@~1.0.2:
  version "1.0.3"
  resolved "https://registry.yarnpkg.com/react-native-picker-android/-/react-native-picker-android-1.0.3.tgz#1607843bce510d35a28522511994d3cfced344dd"

react-native-scrollable-tab-view@^0.6.0:
  version "0.6.0"
  resolved "https://registry.yarnpkg.com/react-native-scrollable-tab-view/-/react-native-scrollable-tab-view-0.6.0.tgz#36050cf72dae0dc00b6b8d7f9a570955d99a213b"
  dependencies:
    react-static-container "^1.0.1"
    react-timer-mixin "^0.13.3"

react-native-swipe-out@~2.0.12:
  version "2.0.12"
  resolved "https://registry.yarnpkg.com/react-native-swipe-out/-/react-native-swipe-out-2.0.12.tgz#930d501ba0a7620245884c8a843665626452a36e"
  dependencies:
    react-tween-state "^0.1.5"

react-router@2.5.2:
  version "2.5.2"
  resolved "https://registry.yarnpkg.com/react-router/-/react-router-2.5.2.tgz#1c1fc95366393c96c1fb4932c0506128196b1203"
  dependencies:
    history "^2.0.1"
    hoist-non-react-statics "^1.0.5"
    invariant "^2.2.1"
    loose-envify "^1.2.0"
    warning "^2.1.0"

react-static-container@^1.0.1:
  version "1.0.1"
  resolved "http://registry.npmjs.org/react-static-container/-/react-static-container-1.0.1.tgz#694c0dd68a896b879519afb548399cc1989c9ab0"

react-sticky@^5.0.2:
  version "5.0.5"
  resolved "https://registry.yarnpkg.com/react-sticky/-/react-sticky-5.0.5.tgz#995871273f8a001fa4d462d3b96f381ee54b2649"

react-timer-mixin@^0.13.3, react-timer-mixin@~0.13.3:
  version "0.13.3"
  resolved "https://registry.yarnpkg.com/react-timer-mixin/-/react-timer-mixin-0.13.3.tgz#0da8b9f807ec07dc3e854d082c737c65605b3d22"

react-tween-state@^0.1.5:
  version "0.1.5"
  resolved "https://registry.yarnpkg.com/react-tween-state/-/react-tween-state-0.1.5.tgz#e98b066551efb93cb92dd1be14995c2e3deae339"
  dependencies:
    raf "^3.1.0"
    tween-functions "^1.0.1"

react@15.3.2:
  version "15.3.2"
  resolved "https://registry.yarnpkg.com/react/-/react-15.3.2.tgz#a7bccd2fee8af126b0317e222c28d1d54528d09e"
  dependencies:
    fbjs "^0.8.4"
    loose-envify "^1.1.0"
    object-assign "^4.1.0"

regenerator-runtime@^0.9.5:
  version "0.9.6"
  resolved "https://registry.yarnpkg.com/regenerator-runtime/-/regenerator-runtime-0.9.6.tgz#d33eb95d0d2001a4be39659707c51b0cb71ce029"

rmc-cascader@3.0.x:
  version "3.0.5"
  resolved "https://registry.yarnpkg.com/rmc-cascader/-/rmc-cascader-3.0.5.tgz#e73cc84ccdc3109407e65062b0f04d69243a19d1"
  dependencies:
    array-tree-filter "1.0.x"
    babel-runtime "6.x"
    classnames "2.x"
    rmc-picker "3.x"

rmc-date-picker@5.0.x:
  version "5.0.4"
  resolved "https://registry.yarnpkg.com/rmc-date-picker/-/rmc-date-picker-5.0.4.tgz#15518eff15971c528fc11f45aee14f36a101f249"
  dependencies:
    babel-runtime "6.x"
    classnames "2.x"
    moment "2.x"
    rmc-picker "3.x"

rmc-list-view@~0.6.1:
  version "0.6.2"
  resolved "https://registry.yarnpkg.com/rmc-list-view/-/rmc-list-view-0.6.2.tgz#76e4a5fefc83b7ae2928e6b93477ae6d8f2e5ebc"
  dependencies:
    autobind-decorator "^1.3.3"
    babel-runtime "6.x"
    classnames "^2.2.5"
    domkit "~0.0.1"
    fbjs "^0.8.3"
    object-assign "^4.1.0"
    react-mixin "^3.0.5"
    react-sticky "^5.0.2"
    react-timer-mixin "^0.13.3"

rmc-picker@3.4.x, rmc-picker@3.x:
  version "3.4.8"
  resolved "https://registry.yarnpkg.com/rmc-picker/-/rmc-picker-3.4.8.tgz#8082429434c34bab011496d47720c99f9962a11d"
  dependencies:
    babel-runtime "6.x"
    classnames "2.x"
    object-assign "4.x"
    rc-dialog "^6.4.0"
    react-native-picker-android "~1.0.2"
    zscroller "~0.2.0"

rmc-pull-to-refresh@~0.5.0:
  version "0.5.3"
  resolved "https://registry.yarnpkg.com/rmc-pull-to-refresh/-/rmc-pull-to-refresh-0.5.3.tgz#5d62dddd944aebf7421a004706ecb402d0f9cd36"
  dependencies:
    babel-runtime "6.x"
    zscroller "~0.2.0"

rn-topview@^0.1.0:
  version "0.1.1"
  resolved "https://registry.yarnpkg.com/rn-topview/-/rn-topview-0.1.1.tgz#04156191f3fa9b0cfc31656c9e7404eb45f1f9ee"

shallowequal@^0.2.2, shallowequal@0.2.x:
  version "0.2.2"
  resolved "https://registry.yarnpkg.com/shallowequal/-/shallowequal-0.2.2.tgz#1e32fd5bcab6ad688a4812cb0cc04efc75c7014e"
  dependencies:
    lodash.keys "^3.1.2"

smart-mixin@^2.0.0:
  version "2.0.0"
  resolved "https://registry.yarnpkg.com/smart-mixin/-/smart-mixin-2.0.0.tgz#a34a1055e32a75b30d2b4e3ca323dc99cb53f437"

strict-uri-encode@^1.0.0:
  version "1.1.0"
  resolved "https://registry.yarnpkg.com/strict-uri-encode/-/strict-uri-encode-1.1.0.tgz#279b225df1d582b1f54e65addd4352e18faa0713"

tween-functions@^1.0.1:
  version "1.2.0"
  resolved "https://registry.yarnpkg.com/tween-functions/-/tween-functions-1.2.0.tgz#1ae3a50e7c60bb3def774eac707acbca73bbc3ff"

ua-parser-js@^0.7.9:
  version "0.7.12"
  resolved "https://registry.yarnpkg.com/ua-parser-js/-/ua-parser-js-0.7.12.tgz#04c81a99bdd5dc52263ea29d24c6bf8d4818a4bb"

warning@^2.0.0, warning@^2.1.0:
  version "2.1.0"
  resolved "https://registry.yarnpkg.com/warning/-/warning-2.1.0.tgz#21220d9c63afc77a8c92111e011af705ce0c6901"
  dependencies:
    loose-envify "^1.0.0"

warning@^3.0.0:
  version "3.0.0"
  resolved "https://registry.yarnpkg.com/warning/-/warning-3.0.0.tgz#32e5377cb572de4ab04753bdf8821c01ed605b7c"
  dependencies:
    loose-envify "^1.0.0"

whatwg-fetch@^1.0.0:
  version "1.1.1"
  resolved "https://registry.yarnpkg.com/whatwg-fetch/-/whatwg-fetch-1.1.1.tgz#ac3c9d39f320c6dce5339969d054ef43dd333319"

whatwg-fetch@>=0.10.0:
  version "2.0.1"
  resolved "https://registry.yarnpkg.com/whatwg-fetch/-/whatwg-fetch-2.0.1.tgz#078b9461bbe91cea73cbce8bb122a05f9e92b772"

zscroller@~0.2.0:
  version "0.2.4"
  resolved "https://registry.yarnpkg.com/zscroller/-/zscroller-0.2.4.tgz#cc421a8986d64228e16521051161bd17ee7a6274"

